# THIS IS AN AUTOGENERATED FILE. DO NOT EDIT THIS FILE DIRECTLY.
# yarn lockfile v1


turbo-darwin-64@1.10.12:
  version "1.10.12"
  resolved "https://registry.yarnpkg.com/turbo-darwin-64/-/turbo-darwin-64-1.10.12.tgz#a3d9d6bd3436e795254865bc3d76a9c79aff8085"
  integrity sha512-vmDfGVPl5/aFenAbOj3eOx3ePNcWVUyZwYr7taRl0ZBbmv2TzjRiFotO4vrKCiTVnbqjQqAFQWY2ugbqCI1kOQ==

turbo-darwin-arm64@1.10.12:
  version "1.10.12"
  resolved "https://registry.yarnpkg.com/turbo-darwin-arm64/-/turbo-darwin-arm64-1.10.12.tgz#ff1d9466935687ca68c0dee88a909c34cc654357"
  integrity sha512-3JliEESLNX2s7g54SOBqqkqJ7UhcOGkS0ywMr5SNuvF6kWVTbuUq7uBU/sVbGq8RwvK1ONlhPvJne5MUqBCTCQ==

turbo-linux-64@1.10.12:
  version "1.10.12"
  resolved "https://registry.yarnpkg.com/turbo-linux-64/-/turbo-linux-64-1.10.12.tgz#d184a491cc67c07672d339e36427378d0fc6b82e"
  integrity sha512-siYhgeX0DidIfHSgCR95b8xPee9enKSOjCzx7EjTLmPqPaCiVebRYvbOIYdQWRqiaKh9yfhUtFmtMOMScUf1gg==

turbo-linux-arm64@1.10.12:
  version "1.10.12"
  resolved "https://registry.yarnpkg.com/turbo-linux-arm64/-/turbo-linux-arm64-1.10.12.tgz#44e6ca10b20fd4c59f8c85acf8366c7c09ebca81"
  integrity sha512-K/ZhvD9l4SslclaMkTiIrnfcACgos79YcAo4kwc8bnMQaKuUeRpM15sxLpZp3xDjDg8EY93vsKyjaOhdFG2UbA==

turbo-windows-64@1.10.12:
  version "1.10.12"
  resolved "https://registry.yarnpkg.com/turbo-windows-64/-/turbo-windows-64-1.10.12.tgz#36380eca8e7b0505d08b87a084efab1500b2a80e"
  integrity sha512-7FSgSwvktWDNOqV65l9AbZwcoueAILeE4L7JvjauNASAjjbuzXGCEq5uN8AQU3U5BOFj4TdXrVmO2dX+lLu8Zg==

turbo-windows-arm64@1.10.12:
  version "1.10.12"
  resolved "https://registry.yarnpkg.com/turbo-windows-arm64/-/turbo-windows-arm64-1.10.12.tgz#757ad59b9abf1949f22280bee6e8aad253743ba5"
  integrity sha512-gCNXF52dwom1HLY9ry/cneBPOKTBHhzpqhMylcyvJP0vp9zeMQQkt6yjYv+6QdnmELC92CtKNp2FsNZo+z0pyw==

turbo@^1.10.12:
  version "1.10.12"
  resolved "https://registry.yarnpkg.com/turbo/-/turbo-1.10.12.tgz#cd6f56b92da0600dae9fd94230483556a5c83187"
  integrity sha512-WM3+jTfQWnB9W208pmP4oeehZcC6JQNlydb/ZHMRrhmQa+htGhWLCzd6Q9rLe0MwZLPpSPFV2/bN5egCLyoKjQ==
  optionalDependencies:
    turbo-darwin-64 "1.10.12"
    turbo-darwin-arm64 "1.10.12"
    turbo-linux-64 "1.10.12"
    turbo-linux-arm64 "1.10.12"
    turbo-windows-64 "1.10.12"
    turbo-windows-arm64 "1.10.12"
